// !$*UTF8*$!
{
	archiveVersion = 1;
	classes = {
	};
	objectVersion = 51;
	objects = {

/* Begin PBXBuildFile section */
		63FC417752BF9EBC913624DF /* Pods_playkit_tvos_broadpeak.framework in Frameworks */ = {isa = PBXBuildFile; fileRef = 0A8EC6710B47102AFE9F92F7 /* Pods_playkit_tvos_broadpeak.framework */; };
		D22B7597259E70110013C3E0 /* AppDelegate.swift in Sources */ = {isa = PBXBuildFile; fileRef = D22B7596259E70110013C3E0 /* AppDelegate.swift */; };
		D22B7599259E70110013C3E0 /* ViewController.swift in Sources */ = {isa = PBXBuildFile; fileRef = D22B7598259E70110013C3E0 /* ViewController.swift */; };
		D22B759C259E70110013C3E0 /* Main.storyboard in Resources */ = {isa = PBXBuildFile; fileRef = D22B759A259E70110013C3E0 /* Main.storyboard */; };
		D22B759E259E70140013C3E0 /* Assets.xcassets in Resources */ = {isa = PBXBuildFile; fileRef = D22B759D259E70140013C3E0 /* Assets.xcassets */; };
		D22B75A1259E70140013C3E0 /* LaunchScreen.storyboard in Resources */ = {isa = PBXBuildFile; fileRef = D22B759F259E70140013C3E0 /* LaunchScreen.storyboard */; };
/* End PBXBuildFile section */

/* Begin PBXFileReference section */
		0A8EC6710B47102AFE9F92F7 /* Pods_playkit_tvos_broadpeak.framework */ = {isa = PBXFileReference; explicitFileType = wrapper.framework; includeInIndex = 0; path = Pods_playkit_tvos_broadpeak.framework; sourceTree = BUILT_PRODUCTS_DIR; };
		5951D9B212BC6560F8FCAFEA /* Pods-playkit-tvos-broadpeak.debug.xcconfig */ = {isa = PBXFileReference; includeInIndex = 1; lastKnownFileType = text.xcconfig; name = "Pods-playkit-tvos-broadpeak.debug.xcconfig"; path = "Target Support Files/Pods-playkit-tvos-broadpeak/Pods-playkit-tvos-broadpeak.debug.xcconfig"; sourceTree = "<group>"; };
		B40D05DA7F93D1252F54CDA6 /* Pods-playkit-tvos-broadpeak.release.xcconfig */ = {isa = PBXFileReference; includeInIndex = 1; lastKnownFileType = text.xcconfig; name = "Pods-playkit-tvos-broadpeak.release.xcconfig"; path = "Target Support Files/Pods-playkit-tvos-broadpeak/Pods-playkit-tvos-broadpeak.release.xcconfig"; sourceTree = "<group>"; };
		D22B7593259E70110013C3E0 /* playkit-tvos-broadpeak.app */ = {isa = PBXFileReference; explicitFileType = wrapper.application; includeInIndex = 0; path = "playkit-tvos-broadpeak.app"; sourceTree = BUILT_PRODUCTS_DIR; };
		D22B7596259E70110013C3E0 /* AppDelegate.swift */ = {isa = PBXFileReference; lastKnownFileType = sourcecode.swift; path = AppDelegate.swift; sourceTree = "<group>"; };
		D22B7598259E70110013C3E0 /* ViewController.swift */ = {isa = PBXFileReference; lastKnownFileType = sourcecode.swift; path = ViewController.swift; sourceTree = "<group>"; };
		D22B759B259E70110013C3E0 /* Base */ = {isa = PBXFileReference; lastKnownFileType = file.storyboard; name = Base; path = Base.lproj/Main.storyboard; sourceTree = "<group>"; };
		D22B759D259E70140013C3E0 /* Assets.xcassets */ = {isa = PBXFileReference; lastKnownFileType = folder.assetcatalog; path = Assets.xcassets; sourceTree = "<group>"; };
		D22B75A0259E70140013C3E0 /* Base */ = {isa = PBXFileReference; lastKnownFileType = file.storyboard; name = Base; path = Base.lproj/LaunchScreen.storyboard; sourceTree = "<group>"; };
		D22B75A2259E70140013C3E0 /* Info.plist */ = {isa = PBXFileReference; lastKnownFileType = text.plist.xml; path = Info.plist; sourceTree = "<group>"; };
/* End PBXFileReference section */

/* Begin PBXFrameworksBuildPhase section */
		D22B7590259E70110013C3E0 /* Frameworks */ = {
			isa = PBXFrameworksBuildPhase;
			buildActionMask = 2147483647;
			files = (
				63FC417752BF9EBC913624DF /* Pods_playkit_tvos_broadpeak.framework in Frameworks */,
			);
			runOnlyForDeploymentPostprocessing = 0;
		};
/* End PBXFrameworksBuildPhase section */

/* Begin PBXGroup section */
		227BE10FB0053344D45FC359 /* Frameworks */ = {
			isa = PBXGroup;
			children = (
				0A8EC6710B47102AFE9F92F7 /* Pods_playkit_tvos_broadpeak.framework */,
			);
			name = Frameworks;
			sourceTree = "<group>";
		};
		7A14BBA682C24A39E7889A7C /* Pods */ = {
			isa = PBXGroup;
			children = (
				5951D9B212BC6560F8FCAFEA /* Pods-playkit-tvos-broadpeak.debug.xcconfig */,
				B40D05DA7F93D1252F54CDA6 /* Pods-playkit-tvos-broadpeak.release.xcconfig */,
			);
			path = Pods;
			sourceTree = "<group>";
		};
		D22B758A259E70110013C3E0 = {
			isa = PBXGroup;
			children = (
				D22B7595259E70110013C3E0 /* playkit-tvos-broadpeak */,
				D22B7594259E70110013C3E0 /* Products */,
				7A14BBA682C24A39E7889A7C /* Pods */,
				227BE10FB0053344D45FC359 /* Frameworks */,
			);
			sourceTree = "<group>";
		};
		D22B7594259E70110013C3E0 /* Products */ = {
			isa = PBXGroup;
			children = (
				D22B7593259E70110013C3E0 /* playkit-tvos-broadpeak.app */,
			);
			name = Products;
			sourceTree = "<group>";
		};
		D22B7595259E70110013C3E0 /* playkit-tvos-broadpeak */ = {
			isa = PBXGroup;
			children = (
				D22B7596259E70110013C3E0 /* AppDelegate.swift */,
				D22B7598259E70110013C3E0 /* ViewController.swift */,
				D22B759A259E70110013C3E0 /* Main.storyboard */,
				D22B759D259E70140013C3E0 /* Assets.xcassets */,
				D22B759F259E70140013C3E0 /* LaunchScreen.storyboard */,
				D22B75A2259E70140013C3E0 /* Info.plist */,
			);
			path = "playkit-tvos-broadpeak";
			sourceTree = "<group>";
		};
/* End PBXGroup section */

/* Begin PBXNativeTarget section */
		D22B7592259E70110013C3E0 /* playkit-tvos-broadpeak */ = {
			isa = PBXNativeTarget;
			buildConfigurationList = D22B75A5259E70140013C3E0 /* Build configuration list for PBXNativeTarget "playkit-tvos-broadpeak" */;
			buildPhases = (
				12AD8C8B26A4EF1D941FBB66 /* [CP] Check Pods Manifest.lock */,
				D22B758F259E70110013C3E0 /* Sources */,
				D22B7590259E70110013C3E0 /* Frameworks */,
				D22B7591259E70110013C3E0 /* Resources */,
				D18A7CC8B556F919D0B6EBFD /* [CP] Embed Pods Frameworks */,
			);
			buildRules = (
			);
			dependencies = (
			);
			name = "playkit-tvos-broadpeak";
			productName = "playkit-tvos-broadpeak";
			productReference = D22B7593259E70110013C3E0 /* playkit-tvos-broadpeak.app */;
			productType = "com.apple.product-type.application";
		};
/* End PBXNativeTarget section */

/* Begin PBXProject section */
		D22B758B259E70110013C3E0 /* Project object */ = {
			isa = PBXProject;
			attributes = {
				LastSwiftUpdateCheck = 1230;
				LastUpgradeCheck = 1230;
				TargetAttributes = {
					D22B7592259E70110013C3E0 = {
						CreatedOnToolsVersion = 12.3;
					};
				};
			};
			buildConfigurationList = D22B758E259E70110013C3E0 /* Build configuration list for PBXProject "playkit-tvos-broadpeak" */;
			compatibilityVersion = "Xcode 9.3";
			developmentRegion = en;
			hasScannedForEncodings = 0;
			knownRegions = (
				en,
				Base,
			);
			mainGroup = D22B758A259E70110013C3E0;
			productRefGroup = D22B7594259E70110013C3E0 /* Products */;
			projectDirPath = "";
			projectRoot = "";
			targets = (
				D22B7592259E70110013C3E0 /* playkit-tvos-broadpeak */,
			);
		};
/* End PBXProject section */

/* Begin PBXResourcesBuildPhase section */
		D22B7591259E70110013C3E0 /* Resources */ = {
			isa = PBXResourcesBuildPhase;
			buildActionMask = 2147483647;
			files = (
				D22B75A1259E70140013C3E0 /* LaunchScreen.storyboard in Resources */,
				D22B759E259E70140013C3E0 /* Assets.xcassets in Resources */,
				D22B759C259E70110013C3E0 /* Main.storyboard in Resources */,
			);
			runOnlyForDeploymentPostprocessing = 0;
		};
/* End PBXResourcesBuildPhase section */

/* Begin PBXShellScriptBuildPhase section */
		12AD8C8B26A4EF1D941FBB66 /* [CP] Check Pods Manifest.lock */ = {
			isa = PBXShellScriptBuildPhase;
			buildActionMask = 2147483647;
			files = (
			);
			inputFileListPaths = (
			);
			inputPaths = (
				"${PODS_PODFILE_DIR_PATH}/Podfile.lock",
				"${PODS_ROOT}/Manifest.lock",
			);
			name = "[CP] Check Pods Manifest.lock";
			outputFileListPaths = (
			);
			outputPaths = (
				"$(DERIVED_FILE_DIR)/Pods-playkit-tvos-broadpeak-checkManifestLockResult.txt",
			);
			runOnlyForDeploymentPostprocessing = 0;
			shellPath = /bin/sh;
			shellScript = "diff \"${PODS_PODFILE_DIR_PATH}/Podfile.lock\" \"${PODS_ROOT}/Manifest.lock\" > /dev/null\nif [ $? != 0 ] ; then\n    # print error to STDERR\n    echo \"error: The sandbox is not in sync with the Podfile.lock. Run 'pod install' or update your CocoaPods installation.\" >&2\n    exit 1\nfi\n# This output is used by Xcode 'outputs' to avoid re-running this script phase.\necho \"SUCCESS\" > \"${SCRIPT_OUTPUT_FILE_0}\"\n";
			showEnvVarsInLog = 0;
		};
		D18A7CC8B556F919D0B6EBFD /* [CP] Embed Pods Frameworks */ = {
			isa = PBXShellScriptBuildPhase;
			buildActionMask = 2147483647;
			files = (
			);
			inputFileListPaths = (
				"${PODS_ROOT}/Target Support Files/Pods-playkit-tvos-broadpeak/Pods-playkit-tvos-broadpeak-frameworks-${CONFIGURATION}-input-files.xcfilelist",
			);
			name = "[CP] Embed Pods Frameworks";
			outputFileListPaths = (
				"${PODS_ROOT}/Target Support Files/Pods-playkit-tvos-broadpeak/Pods-playkit-tvos-broadpeak-frameworks-${CONFIGURATION}-output-files.xcfilelist",
			);
			runOnlyForDeploymentPostprocessing = 0;
			shellPath = /bin/sh;
			shellScript = "\"${PODS_ROOT}/Target Support Files/Pods-playkit-tvos-broadpeak/Pods-playkit-tvos-broadpeak-frameworks.sh\"\n";
			showEnvVarsInLog = 0;
		};
/* End PBXShellScriptBuildPhase section */

/* Begin PBXSourcesBuildPhase section */
		D22B758F259E70110013C3E0 /* Sources */ = {
			isa = PBXSourcesBuildPhase;
			buildActionMask = 2147483647;
			files = (
				D22B7599259E70110013C3E0 /* ViewController.swift in Sources */,
				D22B7597259E70110013C3E0 /* AppDelegate.swift in Sources */,
			);
			runOnlyForDeploymentPostprocessing = 0;
		};
/* End PBXSourcesBuildPhase section */

/* Begin PBXVariantGroup section */
		D22B759A259E70110013C3E0 /* Main.storyboard */ = {
			isa = PBXVariantGroup;
			children = (
				D22B759B259E70110013C3E0 /* Base */,
			);
			name = Main.storyboard;
			sourceTree = "<group>";
		};
		D22B759F259E70140013C3E0 /* LaunchScreen.storyboard */ = {
			isa = PBXVariantGroup;
			children = (
				D22B75A0259E70140013C3E0 /* Base */,
			);
			name = LaunchScreen.storyboard;
			sourceTree = "<group>";
		};
/* End PBXVariantGroup section */

/* Begin XCBuildConfiguration section */
		D22B75A3259E70140013C3E0 /* Debug */ = {
			isa = XCBuildConfiguration;
			buildSettings = {
				ALWAYS_SEARCH_USER_PATHS = NO;
				CLANG_ANALYZER_NONNULL = YES;
				CLANG_ANALYZER_NUMBER_OBJECT_CONVERSION = YES_AGGRESSIVE;
				CLANG_CXX_LANGUAGE_STANDARD = "gnu++14";
				CLANG_CXX_LIBRARY = "libc++";
				CLANG_ENABLE_MODULES = YES;
				CLANG_ENABLE_OBJC_ARC = YES;
				CLANG_ENABLE_OBJC_WEAK = YES;
				CLANG_WARN_BLOCK_CAPTURE_AUTORELEASING = YES;
				CLANG_WARN_BOOL_CONVERSION = YES;
				CLANG_WARN_COMMA = YES;
				CLANG_WARN_CONSTANT_CONVERSION = YES;
				CLANG_WARN_DEPRECATED_OBJC_IMPLEMENTATIONS = YES;
				CLANG_WARN_DIRECT_OBJC_ISA_USAGE = YES_ERROR;
				CLANG_WARN_DOCUMENTATION_COMMENTS = YES;
				CLANG_WARN_EMPTY_BODY = YES;
				CLANG_WARN_ENUM_CONVERSION = YES;
				CLANG_WARN_INFINITE_RECURSION = YES;
				CLANG_WARN_INT_CONVERSION = YES;
				CLANG_WARN_NON_LITERAL_NULL_CONVERSION = YES;
				CLANG_WARN_OBJC_IMPLICIT_RETAIN_SELF = YES;
				CLANG_WARN_OBJC_LITERAL_CONVERSION = YES;
				CLANG_WARN_OBJC_ROOT_CLASS = YES_ERROR;
				CLANG_WARN_QUOTED_INCLUDE_IN_FRAMEWORK_HEADER = YES;
				CLANG_WARN_RANGE_LOOP_ANALYSIS = YES;
				CLANG_WARN_STRICT_PROTOTYPES = YES;
				CLANG_WARN_SUSPICIOUS_MOVE = YES;
				CLANG_WARN_UNGUARDED_AVAILABILITY = YES_AGGRESSIVE;
				CLANG_WARN_UNREACHABLE_CODE = YES;
				CLANG_WARN__DUPLICATE_METHOD_MATCH = YES;
				COPY_PHASE_STRIP = NO;
				DEBUG_INFORMATION_FORMAT = dwarf;
				ENABLE_STRICT_OBJC_MSGSEND = YES;
				ENABLE_TESTABILITY = YES;
				GCC_C_LANGUAGE_STANDARD = gnu11;
				GCC_DYNAMIC_NO_PIC = NO;
				GCC_NO_COMMON_BLOCKS = YES;
				GCC_OPTIMIZATION_LEVEL = 0;
				GCC_PREPROCESSOR_DEFINITIONS = (
					"DEBUG=1",
					"$(inherited)",
				);
				GCC_WARN_64_TO_32_BIT_CONVERSION = YES;
				GCC_WARN_ABOUT_RETURN_TYPE = YES_ERROR;
				GCC_WARN_UNDECLARED_SELECTOR = YES;
				GCC_WARN_UNINITIALIZED_AUTOS = YES_AGGRESSIVE;
				GCC_WARN_UNUSED_FUNCTION = YES;
				GCC_WARN_UNUSED_VARIABLE = YES;
				MTL_ENABLE_DEBUG_INFO = INCLUDE_SOURCE;
				MTL_FAST_MATH = YES;
				ONLY_ACTIVE_ARCH = YES;
				SDKROOT = appletvos;
				SWIFT_ACTIVE_COMPILATION_CONDITIONS = DEBUG;
				SWIFT_OPTIMIZATION_LEVEL = "-Onone";
				TVOS_DEPLOYMENT_TARGET = 10.0;
			};
			name = Debug;
		};
		D22B75A4259E70140013C3E0 /* Release */ = {
			isa = XCBuildConfiguration;
			buildSettings = {
				ALWAYS_SEARCH_USER_PATHS = NO;
				CLANG_ANALYZER_NONNULL = YES;
				CLANG_ANALYZER_NUMBER_OBJECT_CONVERSION = YES_AGGRESSIVE;
				CLANG_CXX_LANGUAGE_STANDARD = "gnu++14";
				CLANG_CXX_LIBRARY = "libc++";
				CLANG_ENABLE_MODULES = YES;
				CLANG_ENABLE_OBJC_ARC = YES;
				CLANG_ENABLE_OBJC_WEAK = YES;
				CLANG_WARN_BLOCK_CAPTURE_AUTORELEASING = YES;
				CLANG_WARN_BOOL_CONVERSION = YES;
				CLANG_WARN_COMMA = YES;
				CLANG_WARN_CONSTANT_CONVERSION = YES;
				CLANG_WARN_DEPRECATED_OBJC_IMPLEMENTATIONS = YES;
				CLANG_WARN_DIRECT_OBJC_ISA_USAGE = YES_ERROR;
				CLANG_WARN_DOCUMENTATION_COMMENTS = YES;
				CLANG_WARN_EMPTY_BODY = YES;
				CLANG_WARN_ENUM_CONVERSION = YES;
				CLANG_WARN_INFINITE_RECURSION = YES;
				CLANG_WARN_INT_CONVERSION = YES;
				CLANG_WARN_NON_LITERAL_NULL_CONVERSION = YES;
				CLANG_WARN_OBJC_IMPLICIT_RETAIN_SELF = YES;
				CLANG_WARN_OBJC_LITERAL_CONVERSION = YES;
				CLANG_WARN_OBJC_ROOT_CLASS = YES_ERROR;
				CLANG_WARN_QUOTED_INCLUDE_IN_FRAMEWORK_HEADER = YES;
				CLANG_WARN_RANGE_LOOP_ANALYSIS = YES;
				CLANG_WARN_STRICT_PROTOTYPES = YES;
				CLANG_WARN_SUSPICIOUS_MOVE = YES;
				CLANG_WARN_UNGUARDED_AVAILABILITY = YES_AGGRESSIVE;
				CLANG_WARN_UNREACHABLE_CODE = YES;
				CLANG_WARN__DUPLICATE_METHOD_MATCH = YES;
				COPY_PHASE_STRIP = NO;
				DEBUG_INFORMATION_FORMAT = "dwarf-with-dsym";
				ENABLE_NS_ASSERTIONS = NO;
				ENABLE_STRICT_OBJC_MSGSEND = YES;
				GCC_C_LANGUAGE_STANDARD = gnu11;
				GCC_NO_COMMON_BLOCKS = YES;
				GCC_WARN_64_TO_32_BIT_CONVERSION = YES;
				GCC_WARN_ABOUT_RETURN_TYPE = YES_ERROR;
				GCC_WARN_UNDECLARED_SELECTOR = YES;
				GCC_WARN_UNINITIALIZED_AUTOS = YES_AGGRESSIVE;
				GCC_WARN_UNUSED_FUNCTION = YES;
				GCC_WARN_UNUSED_VARIABLE = YES;
				MTL_ENABLE_DEBUG_INFO = NO;
				MTL_FAST_MATH = YES;
				SDKROOT = appletvos;
				SWIFT_COMPILATION_MODE = wholemodule;
				SWIFT_OPTIMIZATION_LEVEL = "-O";
				TVOS_DEPLOYMENT_TARGET = 10.0;
				VALIDATE_PRODUCT = YES;
			};
			name = Release;
		};
		D22B75A6259E70140013C3E0 /* Debug */ = {
			isa = XCBuildConfiguration;
			baseConfigurationReference = 5951D9B212BC6560F8FCAFEA /* Pods-playkit-tvos-broadpeak.debug.xcconfig */;
			buildSettings = {
				ASSETCATALOG_COMPILER_APPICON_NAME = "App Icon & Top Shelf Image";
				ASSETCATALOG_COMPILER_GLOBAL_ACCENT_COLOR_NAME = AccentColor;
				CODE_SIGN_STYLE = Automatic;
				DEVELOPMENT_TEAM = X8RDCFJK95;
				INFOPLIST_FILE = "playkit-tvos-broadpeak/Info.plist";
				LD_RUNPATH_SEARCH_PATHS = (
					"$(inherited)",
					"@executable_path/Frameworks",
				);
				PRODUCT_BUNDLE_IDENTIFIER = "com.kaltura.playkit-tvos-broadpeak";
				PRODUCT_NAME = "$(TARGET_NAME)";
				SWIFT_VERSION = 4.0;
				TARGETED_DEVICE_FAMILY = 3;
				TVOS_DEPLOYMENT_TARGET = 10.0;
			};
			name = Debug;
		};
		D22B75A7259E70140013C3E0 /* Release */ = {
			isa = XCBuildConfiguration;
			baseConfigurationReference = B40D05DA7F93D1252F54CDA6 /* Pods-playkit-tvos-broadpeak.release.xcconfig */;
			buildSettings = {
				ASSETCATALOG_COMPILER_APPICON_NAME = "App Icon & Top Shelf Image";
				ASSETCATALOG_COMPILER_GLOBAL_ACCENT_COLOR_NAME = AccentColor;
				CODE_SIGN_STYLE = Automatic;
				DEVELOPMENT_TEAM = X8RDCFJK95;
				INFOPLIST_FILE = "playkit-tvos-broadpeak/Info.plist";
				LD_RUNPATH_SEARCH_PATHS = (
					"$(inherited)",
					"@executable_path/Frameworks",
				);
				PRODUCT_BUNDLE_IDENTIFIER = "com.kaltura.playkit-tvos-broadpeak";
				PRODUCT_NAME = "$(TARGET_NAME)";
				SWIFT_VERSION = 4.0;
				TARGETED_DEVICE_FAMILY = 3;
				TVOS_DEPLOYMENT_TARGET = 10.0;
			};
			name = Release;
		};
/* End XCBuildConfiguration section */

/* Begin XCConfigurationList section */
		D22B758E259E70110013C3E0 /* Build configuration list for PBXProject "playkit-tvos-broadpeak" */ = {
			isa = XCConfigurationList;
			buildConfigurations = (
				D22B75A3259E70140013C3E0 /* Debug */,
				D22B75A4259E70140013C3E0 /* Release */,
			);
			defaultConfigurationIsVisible = 0;
			defaultConfigurationName = Release;
		};
		D22B75A5259E70140013C3E0 /* Build configuration list for PBXNativeTarget "playkit-tvos-broadpeak" */ = {
			isa = XCConfigurationList;
			buildConfigurations = (
				D22B75A6259E70140013C3E0 /* Debug */,
				D22B75A7259E70140013C3E0 /* Release */,
			);
			defaultConfigurationIsVisible = 0;
			defaultConfigurationName = Release;
		};
/* End XCConfigurationList section */
	};
	rootObject = D22B758B259E70110013C3E0 /* Project object */;
}
